
Microsoft Visual Studio Solution File, Format Version 12.00
# Visual Studio Version 17
VisualStudioVersion = 17.0.31903.59
MinimumVisualStudioVersion = 10.0.40219.1
Project("{FAE04EC0-301F-11D3-BF4B-00C04F79EFBC}") = "FundamentalsCourse", "FundamentalsCourse.csproj", "{E10AEF19-4B38-48FA-9B6F-79A723D1AFC9}"
EndProject
Project("{FAE04EC0-301F-11D3-BF4B-00C04F79EFBC}") = "testove", "..\testove\testove.csproj", "{6777F199-17A0-44B9-86FE-E1DFE0A68C69}"
EndProject
Project("{FAE04EC0-301F-11D3-BF4B-00C04F79EFBC}") = "Lessons", "..\Lessons\Lessons.csproj", "{55700C6B-B68F-428A-869F-56673B511B51}"
EndProject
Global
	GlobalSection(SolutionConfigurationPlatforms) = preSolution
		Debug|Any CPU = Debug|Any CPU
		Release|Any CPU = Release|Any CPU
	EndGlobalSection
	GlobalSection(ProjectConfigurationPlatforms) = postSolution
		{E10AEF19-4B38-48FA-9B6F-79A723D1AFC9}.Debug|Any CPU.ActiveCfg = Debug|Any CPU
		{E10AEF19-4B38-48FA-9B6F-79A723D1AFC9}.Debug|Any CPU.Build.0 = Debug|Any CPU
		{E10AEF19-4B38-48FA-9B6F-79A723D1AFC9}.Release|Any CPU.ActiveCfg = Release|Any CPU
		{E10AEF19-4B38-48FA-9B6F-79A723D1AFC9}.Release|Any CPU.Build.0 = Release|Any CPU
		{6777F199-17A0-44B9-86FE-E1DFE0A68C69}.Debug|Any CPU.ActiveCfg = Debug|Any CPU
		{6777F199-17A0-44B9-86FE-E1DFE0A68C69}.Debug|Any CPU.Build.0 = Debug|Any CPU
		{6777F199-17A0-44B9-86FE-E1DFE0A68C69}.Release|Any CPU.ActiveCfg = Release|Any CPU
		{6777F199-17A0-44B9-86FE-E1DFE0A68C69}.Release|Any CPU.Build.0 = Release|Any CPU
		{55700C6B-B68F-428A-869F-56673B511B51}.Debug|Any CPU.ActiveCfg = Debug|Any CPU
		{55700C6B-B68F-428A-869F-56673B511B51}.Debug|Any CPU.Build.0 = Debug|Any CPU
		{55700C6B-B68F-428A-869F-56673B511B51}.Release|Any CPU.ActiveCfg = Release|Any CPU
		{55700C6B-B68F-428A-869F-56673B511B51}.Release|Any CPU.Build.0 = Release|Any CPU
	EndGlobalSection
	GlobalSection(SolutionProperties) = preSolution
		HideSolutionNode = FALSE
	EndGlobalSection
	GlobalSection(ExtensibilityGlobals) = postSolution
		SolutionGuid = {D7B10448-CD48-4777-8EC4-7A374EED6024}
	EndGlobalSection
EndGlobal
